SITE
  remote: https://supermarket.chef.io/api/v1
  specs:
    apt (6.1.0)
    build-essential (8.0.1)
      mingw (>= 1.1)
      seven_zip (>= 0.0.0)
    compat_resource (12.16.3)
    dmg (3.1.1)
    git (6.0.0)
      build-essential (>= 0.0.0)
      dmg (>= 0.0.0)
      yum-epel (>= 0.0.0)
    mingw (2.0.0)
      seven_zip (>= 0.0.0)
    mysql (8.3.1)
    ohai (5.0.3)
    openssl (7.0.1)
    postfix (3.6.2)
    postgresql (6.1.1)
      build-essential (>= 2.0.0)
      compat_resource (>= 12.16.3)
      openssl (>= 4.0)
    rbenv (1.7.1)
      apt (>= 0.0.0)
      build-essential (>= 0.0.0)
      git (>= 0.0.0)
      ohai (>= 1.1)
    redisio (2.5.0)
      build-essential (>= 0.0.0)
      ulimit (>= 0.1.2)
    ruby_build (1.1.0)
      git (>= 0.0.0)
      yum-epel (>= 0.0.0)
    seven_zip (2.0.2)
      windows (>= 1.2.2)
    sudo (3.3.1)
    ulimit (0.4.0)
    windows (3.0.5)
      ohai (>= 4.0.0)
    yum-epel (2.1.1)
      compat_resource (>= 12.16.3)

DEPENDENCIES
  apt (~> 6.1.0)
  mysql (~> 8.3.1)
  postfix (~> 3.6.2)
  postgresql (~> 6.1.1)
  rbenv (~> 1.7.1)
  redisio (= 2.5.0)
  ruby_build (~> 1.1.0)
  sudo (~> 3.3.1)

